// !$*UTF8*$!
{
	archiveVersion = 1;
	classes = {
	};
	objectVersion = 50;
	objects = {

/* Begin PBXBuildFile section */
		830AC81D2139291C009DD181 /* main.swift in Sources */ = {isa = PBXBuildFile; fileRef = 830AC81C2139291C009DD181 /* main.swift */; };
		8381076321393DF4000AE3EB /* Marimba.swift in Sources */ = {isa = PBXBuildFile; fileRef = 8381076221393DF4000AE3EB /* Marimba.swift */; };
		8381076521393ECC000AE3EB /* Musicalinstrument.swift in Sources */ = {isa = PBXBuildFile; fileRef = 8381076421393ECC000AE3EB /* Musicalinstrument.swift */; };
		8381076721393F2C000AE3EB /* BassGuitar.swift in Sources */ = {isa = PBXBuildFile; fileRef = 8381076621393F2C000AE3EB /* BassGuitar.swift */; };
		838107692139430A000AE3EB /* enum.swift in Sources */ = {isa = PBXBuildFile; fileRef = 838107682139430A000AE3EB /* enum.swift */; };
/* End PBXBuildFile section */

/* Begin PBXCopyFilesBuildPhase section */
		830AC8172139291C009DD181 /* CopyFiles */ = {
			isa = PBXCopyFilesBuildPhase;
			buildActionMask = 2147483647;
			dstPath = /usr/share/man/man1/;
			dstSubfolderSpec = 0;
			files = (
			);
			runOnlyForDeploymentPostprocessing = 1;
		};
/* End PBXCopyFilesBuildPhase section */

/* Begin PBXFileReference section */
		830AC8192139291C009DD181 /* Musicsomething */ = {isa = PBXFileReference; explicitFileType = "compiled.mach-o.executable"; includeInIndex = 0; path = Musicsomething; sourceTree = BUILT_PRODUCTS_DIR; };
		830AC81C2139291C009DD181 /* main.swift */ = {isa = PBXFileReference; lastKnownFileType = sourcecode.swift; path = main.swift; sourceTree = "<group>"; };
		8381076221393DF4000AE3EB /* Marimba.swift */ = {isa = PBXFileReference; lastKnownFileType = sourcecode.swift; path = Marimba.swift; sourceTree = "<group>"; };
		8381076421393ECC000AE3EB /* Musicalinstrument.swift */ = {isa = PBXFileReference; lastKnownFileType = sourcecode.swift; path = Musicalinstrument.swift; sourceTree = "<group>"; };
		8381076621393F2C000AE3EB /* BassGuitar.swift */ = {isa = PBXFileReference; lastKnownFileType = sourcecode.swift; path = BassGuitar.swift; sourceTree = "<group>"; };
		838107682139430A000AE3EB /* enum.swift */ = {isa = PBXFileReference; lastKnownFileType = sourcecode.swift; path = enum.swift; sourceTree = "<group>"; };
/* End PBXFileReference section */

/* Begin PBXFrameworksBuildPhase section */
		830AC8162139291C009DD181 /* Frameworks */ = {
			isa = PBXFrameworksBuildPhase;
			buildActionMask = 2147483647;
			files = (
			);
			runOnlyForDeploymentPostprocessing = 0;
		};
/* End PBXFrameworksBuildPhase section */

/* Begin PBXGroup section */
		830AC8102139291C009DD181 = {
			isa = PBXGroup;
			children = (
				830AC81B2139291C009DD181 /* Musicsomething */,
				830AC81A2139291C009DD181 /* Products */,
			);
			sourceTree = "<group>";
		};
		830AC81A2139291C009DD181 /* Products */ = {
			isa = PBXGroup;
			children = (
				830AC8192139291C009DD181 /* Musicsomething */,
			);
			name = Products;
			sourceTree = "<group>";
		};
		830AC81B2139291C009DD181 /* Musicsomething */ = {
			isa = PBXGroup;
			children = (
				830AC81C2139291C009DD181 /* main.swift */,
				838107682139430A000AE3EB /* enum.swift */,
				8381076221393DF4000AE3EB /* Marimba.swift */,
				8381076421393ECC000AE3EB /* Musicalinstrument.swift */,
				8381076621393F2C000AE3EB /* BassGuitar.swift */,
			);
			path = Musicsomething;
			sourceTree = "<group>";
		};
/* End PBXGroup section */

/* Begin PBXNativeTarget section */
		830AC8182139291C009DD181 /* Musicsomething */ = {
			isa = PBXNativeTarget;
			buildConfigurationList = 830AC8202139291C009DD181 /* Build configuration list for PBXNativeTarget "Musicsomething" */;
			buildPhases = (
				830AC8152139291C009DD181 /* Sources */,
				830AC8162139291C009DD181 /* Frameworks */,
				830AC8172139291C009DD181 /* CopyFiles */,
			);
			buildRules = (
			);
			dependencies = (
			);
			name = Musicsomething;
			productName = Musicsomething;
			productReference = 830AC8192139291C009DD181 /* Musicsomething */;
			productType = "com.apple.product-type.tool";
		};
/* End PBXNativeTarget section */

/* Begin PBXProject section */
		830AC8112139291C009DD181 /* Project object */ = {
			isa = PBXProject;
			attributes = {
				LastSwiftUpdateCheck = 0940;
				LastUpgradeCheck = 0940;
				ORGANIZATIONNAME = Fontys;
				TargetAttributes = {
					830AC8182139291C009DD181 = {
						CreatedOnToolsVersion = 9.4.1;
					};
				};
			};
			buildConfigurationList = 830AC8142139291C009DD181 /* Build configuration list for PBXProject "Musicsomething" */;
			compatibilityVersion = "Xcode 9.3";
			developmentRegion = en;
			hasScannedForEncodings = 0;
			knownRegions = (
				en,
			);
			mainGroup = 830AC8102139291C009DD181;
			productRefGroup = 830AC81A2139291C009DD181 /* Products */;
			projectDirPath = "";
			projectRoot = "";
			targets = (
				830AC8182139291C009DD181 /* Musicsomething */,
			);
		};
/* End PBXProject section */

/* Begin PBXSourcesBuildPhase section */
		830AC8152139291C009DD181 /* Sources */ = {
			isa = PBXSourcesBuildPhase;
			buildActionMask = 2147483647;
			files = (
				838107692139430A000AE3EB /* enum.swift in Sources */,
				8381076721393F2C000AE3EB /* BassGuitar.swift in Sources */,
				8381076521393ECC000AE3EB /* Musicalinstrument.swift in Sources */,
				830AC81D2139291C009DD181 /* main.swift in Sources */,
				8381076321393DF4000AE3EB /* Marimba.swift in Sources */,
			);
			runOnlyForDeploymentPostprocessing = 0;
		};
/* End PBXSourcesBuildPhase section */

/* Begin XCBuildConfiguration section */
		830AC81E2139291C009DD181 /* Debug */ = {
			isa = XCBuildConfiguration;
			buildSettings = {
				ALWAYS_SEARCH_USER_PATHS = NO;
				CLANG_ANALYZER_NONNULL = YES;
				CLANG_ANALYZER_NUMBER_OBJECT_CONVERSION = YES_AGGRESSIVE;
				CLANG_CXX_LANGUAGE_STANDARD = "gnu++14";
				CLANG_CXX_LIBRARY = "libc++";
				CLANG_ENABLE_MODULES = YES;
				CLANG_ENABLE_OBJC_ARC = YES;
				CLANG_ENABLE_OBJC_WEAK = YES;
				CLANG_WARN_BLOCK_CAPTURE_AUTORELEASING = YES;
				CLANG_WARN_BOOL_CONVERSION = YES;
				CLANG_WARN_COMMA = YES;
				CLANG_WARN_CONSTANT_CONVERSION = YES;
				CLANG_WARN_DEPRECATED_OBJC_IMPLEMENTATIONS = YES;
				CLANG_WARN_DIRECT_OBJC_ISA_USAGE = YES_ERROR;
				CLANG_WARN_DOCUMENTATION_COMMENTS = YES;
				CLANG_WARN_EMPTY_BODY = YES;
				CLANG_WARN_ENUM_CONVERSION = YES;
				CLANG_WARN_INFINITE_RECURSION = YES;
				CLANG_WARN_INT_CONVERSION = YES;
				CLANG_WARN_NON_LITERAL_NULL_CONVERSION = YES;
				CLANG_WARN_OBJC_IMPLICIT_RETAIN_SELF = YES;
				CLANG_WARN_OBJC_LITERAL_CONVERSION = YES;
				CLANG_WARN_OBJC_ROOT_CLASS = YES_ERROR;
				CLANG_WARN_RANGE_LOOP_ANALYSIS = YES;
				CLANG_WARN_STRICT_PROTOTYPES = YES;
				CLANG_WARN_SUSPICIOUS_MOVE = YES;
				CLANG_WARN_UNGUARDED_AVAILABILITY = YES_AGGRESSIVE;
				CLANG_WARN_UNREACHABLE_CODE = YES;
				CLANG_WARN__DUPLICATE_METHOD_MATCH = YES;
				CODE_SIGN_IDENTITY = "-";
				COPY_PHASE_STRIP = NO;
				DEBUG_INFORMATION_FORMAT = dwarf;
				ENABLE_STRICT_OBJC_MSGSEND = YES;
				ENABLE_TESTABILITY = YES;
				GCC_C_LANGUAGE_STANDARD = gnu11;
				GCC_DYNAMIC_NO_PIC = NO;
				GCC_NO_COMMON_BLOCKS = YES;
				GCC_OPTIMIZATION_LEVEL = 0;
				GCC_PREPROCESSOR_DEFINITIONS = (
					"DEBUG=1",
					"$(inherited)",
				);
				GCC_WARN_64_TO_32_BIT_CONVERSION = YES;
				GCC_WARN_ABOUT_RETURN_TYPE = YES_ERROR;
				GCC_WARN_UNDECLARED_SELECTOR = YES;
				GCC_WARN_UNINITIALIZED_AUTOS = YES_AGGRESSIVE;
				GCC_WARN_UNUSED_FUNCTION = YES;
				GCC_WARN_UNUSED_VARIABLE = YES;
				MACOSX_DEPLOYMENT_TARGET = 10.13;
				MTL_ENABLE_DEBUG_INFO = YES;
				ONLY_ACTIVE_ARCH = YES;
				SDKROOT = macosx;
				SWIFT_ACTIVE_COMPILATION_CONDITIONS = DEBUG;
				SWIFT_OPTIMIZATION_LEVEL = "-Onone";
			};
			name = Debug;
		};
		830AC81F2139291C009DD181 /* Release */ = {
			isa = XCBuildConfiguration;
			buildSettings = {
				ALWAYS_SEARCH_USER_PATHS = NO;
				CLANG_ANALYZER_NONNULL = YES;
				CLANG_ANALYZER_NUMBER_OBJECT_CONVERSION = YES_AGGRESSIVE;
				CLANG_CXX_LANGUAGE_STANDARD = "gnu++14";
				CLANG_CXX_LIBRARY = "libc++";
				CLANG_ENABLE_MODULES = YES;
				CLANG_ENABLE_OBJC_ARC = YES;
				CLANG_ENABLE_OBJC_WEAK = YES;
				CLANG_WARN_BLOCK_CAPTURE_AUTORELEASING = YES;
				CLANG_WARN_BOOL_CONVERSION = YES;
				CLANG_WARN_COMMA = YES;
				CLANG_WARN_CONSTANT_CONVERSION = YES;
				CLANG_WARN_DEPRECATED_OBJC_IMPLEMENTATIONS = YES;
				CLANG_WARN_DIRECT_OBJC_ISA_USAGE = YES_ERROR;
				CLANG_WARN_DOCUMENTATION_COMMENTS = YES;
				CLANG_WARN_EMPTY_BODY = YES;
				CLANG_WARN_ENUM_CONVERSION = YES;
				CLANG_WARN_INFINITE_RECURSION = YES;
				CLANG_WARN_INT_CONVERSION = YES;
				CLANG_WARN_NON_LITERAL_NULL_CONVERSION = YES;
				CLANG_WARN_OBJC_IMPLICIT_RETAIN_SELF = YES;
				CLANG_WARN_OBJC_LITERAL_CONVERSION = YES;
				CLANG_WARN_OBJC_ROOT_CLASS = YES_ERROR;
				CLANG_WARN_RANGE_LOOP_ANALYSIS = YES;
				CLANG_WARN_STRICT_PROTOTYPES = YES;
				CLANG_WARN_SUSPICIOUS_MOVE = YES;
				CLANG_WARN_UNGUARDED_AVAILABILITY = YES_AGGRESSIVE;
				CLANG_WARN_UNREACHABLE_CODE = YES;
				CLANG_WARN__DUPLICATE_METHOD_MATCH = YES;
				CODE_SIGN_IDENTITY = "-";
				COPY_PHASE_STRIP = NO;
				DEBUG_INFORMATION_FORMAT = "dwarf-with-dsym";
				ENABLE_NS_ASSERTIONS = NO;
				ENABLE_STRICT_OBJC_MSGSEND = YES;
				GCC_C_LANGUAGE_STANDARD = gnu11;
				GCC_NO_COMMON_BLOCKS = YES;
				GCC_WARN_64_TO_32_BIT_CONVERSION = YES;
				GCC_WARN_ABOUT_RETURN_TYPE = YES_ERROR;
				GCC_WARN_UNDECLARED_SELECTOR = YES;
				GCC_WARN_UNINITIALIZED_AUTOS = YES_AGGRESSIVE;
				GCC_WARN_UNUSED_FUNCTION = YES;
				GCC_WARN_UNUSED_VARIABLE = YES;
				MACOSX_DEPLOYMENT_TARGET = 10.13;
				MTL_ENABLE_DEBUG_INFO = NO;
				SDKROOT = macosx;
				SWIFT_COMPILATION_MODE = wholemodule;
				SWIFT_OPTIMIZATION_LEVEL = "-O";
			};
			name = Release;
		};
		830AC8212139291C009DD181 /* Debug */ = {
			isa = XCBuildConfiguration;
			buildSettings = {
				CODE_SIGN_STYLE = Automatic;
				PRODUCT_NAME = "$(TARGET_NAME)";
				SWIFT_VERSION = 4.0;
			};
			name = Debug;
		};
		830AC8222139291C009DD181 /* Release */ = {
			isa = XCBuildConfiguration;
			buildSettings = {
				CODE_SIGN_STYLE = Automatic;
				PRODUCT_NAME = "$(TARGET_NAME)";
				SWIFT_VERSION = 4.0;
			};
			name = Release;
		};
/* End XCBuildConfiguration section */

/* Begin XCConfigurationList section */
		830AC8142139291C009DD181 /* Build configuration list for PBXProject "Musicsomething" */ = {
			isa = XCConfigurationList;
			buildConfigurations = (
				830AC81E2139291C009DD181 /* Debug */,
				830AC81F2139291C009DD181 /* Release */,
			);
			defaultConfigurationIsVisible = 0;
			defaultConfigurationName = Release;
		};
		830AC8202139291C009DD181 /* Build configuration list for PBXNativeTarget "Musicsomething" */ = {
			isa = XCConfigurationList;
			buildConfigurations = (
				830AC8212139291C009DD181 /* Debug */,
				830AC8222139291C009DD181 /* Release */,
			);
			defaultConfigurationIsVisible = 0;
			defaultConfigurationName = Release;
		};
/* End XCConfigurationList section */
	};
	rootObject = 830AC8112139291C009DD181 /* Project object */;
}
